
Microsoft Visual Studio Solution File, Format Version 12.00
# Visual Studio Version 17
VisualStudioVersion = 17.14.36127.28
MinimumVisualStudioVersion = 10.0.40219.1
Project("{2150E333-8FDC-42A3-9474-1A3956D46DE8}") = "Solution Items", "Solution Items", "{8EC462FD-D22E-90A8-E5CE-7E832BA40C5D}"
	ProjectSection(SolutionItems) = preProject
		.gitattributes = .gitattributes
		.gitignore = .gitignore
		LICENSE = LICENSE
		README.md = README.md
	EndProjectSection
EndProject
Project("{2150E333-8FDC-42A3-9474-1A3956D46DE8}") = "src", "src", "{02EA681E-C7D8-13C7-8484-4AC65E1B71E8}"
EndProject
Project("{2150E333-8FDC-42A3-9474-1A3956D46DE8}") = "Core", "Core", "{8A84E0DD-B0C5-41B4-8865-4AD33E8DA4BD}"
EndProject
Project("{FAE04EC0-301F-11D3-BF4B-00C04F79EFBC}") = "NE.Standard", "src\Core\NE.Standard\NE.Standard.csproj", "{6275B873-E51F-8595-7238-2E400F701355}"
EndProject
Project("{FAE04EC0-301F-11D3-BF4B-00C04F79EFBC}") = "NE.Standard.Design", "src\Core\NE.Standard.Design\NE.Standard.Design.csproj", "{45D6C6A4-7EA6-3D57-FD54-8CBF9D9E3E4C}"
EndProject
Project("{2150E333-8FDC-42A3-9474-1A3956D46DE8}") = "Platforms", "Platforms", "{DA2AC649-9FAE-4D5D-9CE1-1B45E5E8737F}"
EndProject
Project("{FAE04EC0-301F-11D3-BF4B-00C04F79EFBC}") = "NE.Standard.Web", "src\Platforms\NE.Standard.Web\NE.Standard.Web.csproj", "{8274DDA8-439A-DCC4-BE24-2977D0C3F6CB}"
EndProject
Project("{FAE04EC0-301F-11D3-BF4B-00C04F79EFBC}") = "NE.Standard.WPF", "src\Platforms\NE.Standard.WPF\NE.Standard.WPF.csproj", "{74BAEAEE-BEE1-308D-7858-A39119D0462E}"
EndProject
Project("{2150E333-8FDC-42A3-9474-1A3956D46DE8}") = "Samples", "Samples", "{CF104B21-E5F1-4DDD-AE50-0BE63B6C8F10}"
EndProject
Project("{FAE04EC0-301F-11D3-BF4B-00C04F79EFBC}") = "NE.Standard.Example", "src\Samples\NE.Standard.Example\NE.Standard.Example.csproj", "{DB064F43-3FA9-6815-4F6C-C03961F44E2F}"
EndProject
Project("{FAE04EC0-301F-11D3-BF4B-00C04F79EFBC}") = "NE.Standard.Web.Example", "src\Samples\NE.Standard.Web.Example\NE.Standard.Web.Example.csproj", "{75232DB5-BAA6-4740-8C14-3ED0F909AE38}"
EndProject
Project("{FAE04EC0-301F-11D3-BF4B-00C04F79EFBC}") = "NE.Standard.WPF.Example", "src\Samples\NE.Standard.WPF.Example\NE.Standard.WPF.Example.csproj", "{077F8652-2A39-3CE0-BC4A-3E09FC81322C}"
EndProject
Project("{2150E333-8FDC-42A3-9474-1A3956D46DE8}") = "articles", "articles", "{B504D425-BD93-40CF-B5CF-9BEDF2CD6AF9}"
	ProjectSection(SolutionItems) = preProject
		docs\articles\design.md = docs\articles\design.md
		docs\articles\standard.md = docs\articles\standard.md
		docs\articles\web.md = docs\articles\web.md
		docs\articles\wpf.md = docs\articles\wpf.md
	EndProjectSection
EndProject
Project("{2150E333-8FDC-42A3-9474-1A3956D46DE8}") = "docs", "docs", "{7DF1E22C-F40B-45D2-96C9-A799B7F63B46}"
	ProjectSection(SolutionItems) = preProject
		docs\docfx.json = docs\docfx.json
		docs\index.md = docs\index.md
		docs\toc.yml = docs\toc.yml
	EndProjectSection
EndProject
Project("{2150E333-8FDC-42A3-9474-1A3956D46DE8}") = "custom", "custom", "{7DDBF7DC-F483-47E0-A69C-98D72DB77636}"
EndProject
Project("{2150E333-8FDC-42A3-9474-1A3956D46DE8}") = "public", "public", "{9FAB8FA0-6BE2-4F42-A8E7-834D0D26BD32}"
	ProjectSection(SolutionItems) = preProject
		docs\custom\public\main.css = docs\custom\public\main.css
	EndProjectSection
EndProject
Project("{FAE04EC0-301F-11D3-BF4B-00C04F79EFBC}") = "NE.Test.Standard", "src\Core\NE.Test.Standard\NE.Test.Standard.csproj", "{E75E8BAA-5084-54B4-5A33-6413C03DECEF}"
EndProject
Global
	GlobalSection(SolutionConfigurationPlatforms) = preSolution
		Debug|Any CPU = Debug|Any CPU
		Release|Any CPU = Release|Any CPU
	EndGlobalSection
	GlobalSection(ProjectConfigurationPlatforms) = postSolution
		{6275B873-E51F-8595-7238-2E400F701355}.Debug|Any CPU.ActiveCfg = Debug|Any CPU
		{6275B873-E51F-8595-7238-2E400F701355}.Debug|Any CPU.Build.0 = Debug|Any CPU
		{6275B873-E51F-8595-7238-2E400F701355}.Release|Any CPU.ActiveCfg = Release|Any CPU
		{6275B873-E51F-8595-7238-2E400F701355}.Release|Any CPU.Build.0 = Release|Any CPU
		{45D6C6A4-7EA6-3D57-FD54-8CBF9D9E3E4C}.Debug|Any CPU.ActiveCfg = Debug|Any CPU
		{45D6C6A4-7EA6-3D57-FD54-8CBF9D9E3E4C}.Debug|Any CPU.Build.0 = Debug|Any CPU
		{45D6C6A4-7EA6-3D57-FD54-8CBF9D9E3E4C}.Release|Any CPU.ActiveCfg = Release|Any CPU
		{45D6C6A4-7EA6-3D57-FD54-8CBF9D9E3E4C}.Release|Any CPU.Build.0 = Release|Any CPU
		{8274DDA8-439A-DCC4-BE24-2977D0C3F6CB}.Debug|Any CPU.ActiveCfg = Debug|Any CPU
		{8274DDA8-439A-DCC4-BE24-2977D0C3F6CB}.Debug|Any CPU.Build.0 = Debug|Any CPU
		{8274DDA8-439A-DCC4-BE24-2977D0C3F6CB}.Release|Any CPU.ActiveCfg = Release|Any CPU
		{8274DDA8-439A-DCC4-BE24-2977D0C3F6CB}.Release|Any CPU.Build.0 = Release|Any CPU
		{74BAEAEE-BEE1-308D-7858-A39119D0462E}.Debug|Any CPU.ActiveCfg = Debug|Any CPU
		{74BAEAEE-BEE1-308D-7858-A39119D0462E}.Debug|Any CPU.Build.0 = Debug|Any CPU
		{74BAEAEE-BEE1-308D-7858-A39119D0462E}.Release|Any CPU.ActiveCfg = Release|Any CPU
		{74BAEAEE-BEE1-308D-7858-A39119D0462E}.Release|Any CPU.Build.0 = Release|Any CPU
		{DB064F43-3FA9-6815-4F6C-C03961F44E2F}.Debug|Any CPU.ActiveCfg = Debug|Any CPU
		{DB064F43-3FA9-6815-4F6C-C03961F44E2F}.Debug|Any CPU.Build.0 = Debug|Any CPU
		{DB064F43-3FA9-6815-4F6C-C03961F44E2F}.Release|Any CPU.ActiveCfg = Release|Any CPU
		{DB064F43-3FA9-6815-4F6C-C03961F44E2F}.Release|Any CPU.Build.0 = Release|Any CPU
		{75232DB5-BAA6-4740-8C14-3ED0F909AE38}.Debug|Any CPU.ActiveCfg = Debug|Any CPU
		{75232DB5-BAA6-4740-8C14-3ED0F909AE38}.Debug|Any CPU.Build.0 = Debug|Any CPU
		{75232DB5-BAA6-4740-8C14-3ED0F909AE38}.Release|Any CPU.ActiveCfg = Release|Any CPU
		{75232DB5-BAA6-4740-8C14-3ED0F909AE38}.Release|Any CPU.Build.0 = Release|Any CPU
		{077F8652-2A39-3CE0-BC4A-3E09FC81322C}.Debug|Any CPU.ActiveCfg = Debug|Any CPU
		{077F8652-2A39-3CE0-BC4A-3E09FC81322C}.Debug|Any CPU.Build.0 = Debug|Any CPU
		{077F8652-2A39-3CE0-BC4A-3E09FC81322C}.Release|Any CPU.ActiveCfg = Release|Any CPU
		{077F8652-2A39-3CE0-BC4A-3E09FC81322C}.Release|Any CPU.Build.0 = Release|Any CPU
		{E75E8BAA-5084-54B4-5A33-6413C03DECEF}.Debug|Any CPU.ActiveCfg = Debug|Any CPU
		{E75E8BAA-5084-54B4-5A33-6413C03DECEF}.Debug|Any CPU.Build.0 = Debug|Any CPU
		{E75E8BAA-5084-54B4-5A33-6413C03DECEF}.Release|Any CPU.ActiveCfg = Release|Any CPU
		{E75E8BAA-5084-54B4-5A33-6413C03DECEF}.Release|Any CPU.Build.0 = Release|Any CPU
	EndGlobalSection
	GlobalSection(SolutionProperties) = preSolution
		HideSolutionNode = FALSE
	EndGlobalSection
	GlobalSection(NestedProjects) = preSolution
		{8A84E0DD-B0C5-41B4-8865-4AD33E8DA4BD} = {02EA681E-C7D8-13C7-8484-4AC65E1B71E8}
		{6275B873-E51F-8595-7238-2E400F701355} = {8A84E0DD-B0C5-41B4-8865-4AD33E8DA4BD}
		{45D6C6A4-7EA6-3D57-FD54-8CBF9D9E3E4C} = {8A84E0DD-B0C5-41B4-8865-4AD33E8DA4BD}
		{DA2AC649-9FAE-4D5D-9CE1-1B45E5E8737F} = {02EA681E-C7D8-13C7-8484-4AC65E1B71E8}
		{8274DDA8-439A-DCC4-BE24-2977D0C3F6CB} = {DA2AC649-9FAE-4D5D-9CE1-1B45E5E8737F}
		{74BAEAEE-BEE1-308D-7858-A39119D0462E} = {DA2AC649-9FAE-4D5D-9CE1-1B45E5E8737F}
		{CF104B21-E5F1-4DDD-AE50-0BE63B6C8F10} = {02EA681E-C7D8-13C7-8484-4AC65E1B71E8}
		{DB064F43-3FA9-6815-4F6C-C03961F44E2F} = {CF104B21-E5F1-4DDD-AE50-0BE63B6C8F10}
		{75232DB5-BAA6-4740-8C14-3ED0F909AE38} = {CF104B21-E5F1-4DDD-AE50-0BE63B6C8F10}
		{077F8652-2A39-3CE0-BC4A-3E09FC81322C} = {CF104B21-E5F1-4DDD-AE50-0BE63B6C8F10}
		{B504D425-BD93-40CF-B5CF-9BEDF2CD6AF9} = {7DF1E22C-F40B-45D2-96C9-A799B7F63B46}
		{7DDBF7DC-F483-47E0-A69C-98D72DB77636} = {7DF1E22C-F40B-45D2-96C9-A799B7F63B46}
		{9FAB8FA0-6BE2-4F42-A8E7-834D0D26BD32} = {7DDBF7DC-F483-47E0-A69C-98D72DB77636}
		{E75E8BAA-5084-54B4-5A33-6413C03DECEF} = {8A84E0DD-B0C5-41B4-8865-4AD33E8DA4BD}
	EndGlobalSection
	GlobalSection(ExtensibilityGlobals) = postSolution
		SolutionGuid = {B1888DF8-6775-4E8B-8A98-8875C3A1C461}
	EndGlobalSection
EndGlobal
